
Microsoft Visual Studio Solution File, Format Version 12.00
# Visual Studio Version 17
VisualStudioVersion = 17.14.36127.28 d17.14
MinimumVisualStudioVersion = 10.0.40219.1
Project("{FAE04EC0-301F-11D3-BF4B-00C04F79EFBC}") = "Ucenje", "Ucenje\Ucenje.csproj", "{46CB96A6-1ACD-403E-8D4E-EEFC72620462}"
EndProject
Project("{FAE04EC0-301F-11D3-BF4B-00C04F79EFBC}") = "WebAPI", "WebAPI\WebAPI.csproj", "{83740B10-1C39-49ED-B054-A3904FE4EA06}"
EndProject
Global
	GlobalSection(SolutionConfigurationPlatforms) = preSolution
		Debug|Any CPU = Debug|Any CPU
		Release|Any CPU = Release|Any CPU
	EndGlobalSection
	GlobalSection(ProjectConfigurationPlatforms) = postSolution
		{46CB96A6-1ACD-403E-8D4E-EEFC72620462}.Debug|Any CPU.ActiveCfg = Debug|Any CPU
		{46CB96A6-1ACD-403E-8D4E-EEFC72620462}.Debug|Any CPU.Build.0 = Debug|Any CPU
		{46CB96A6-1ACD-403E-8D4E-EEFC72620462}.Release|Any CPU.ActiveCfg = Release|Any CPU
		{46CB96A6-1ACD-403E-8D4E-EEFC72620462}.Release|Any CPU.Build.0 = Release|Any CPU
		{83740B10-1C39-49ED-B054-A3904FE4EA06}.Debug|Any CPU.ActiveCfg = Debug|Any CPU
		{83740B10-1C39-49ED-B054-A3904FE4EA06}.Debug|Any CPU.Build.0 = Debug|Any CPU
		{83740B10-1C39-49ED-B054-A3904FE4EA06}.Release|Any CPU.ActiveCfg = Release|Any CPU
		{83740B10-1C39-49ED-B054-A3904FE4EA06}.Release|Any CPU.Build.0 = Release|Any CPU
	EndGlobalSection
	GlobalSection(SolutionProperties) = preSolution
		HideSolutionNode = FALSE
	EndGlobalSection
	GlobalSection(ExtensibilityGlobals) = postSolution
		SolutionGuid = {859181BA-ED0D-4CFC-B52C-EF170F94D6DF}
	EndGlobalSection
EndGlobal
